
Microsoft Visual Studio Solution File, Format Version 12.00
Project("{FAE04EC0-301F-11D3-BF4B-00C04F79EFBC}") = "RiderPrism", "RiderPrism\RiderPrism.csproj", "{A92734E3-D1D0-4EBD-8EA6-D4F8A4060025}"
EndProject
Project("{FAE04EC0-301F-11D3-BF4B-00C04F79EFBC}") = "ModuleA", "ModuleA\ModuleA.csproj", "{EE5E3C1B-5BF6-45B1-A5B4-768D9C463A04}"
EndProject
Project("{FAE04EC0-301F-11D3-BF4B-00C04F79EFBC}") = "Person", "Person\Person.csproj", "{B47C38C2-59D8-4F32-B607-81C43FD6EDB9}"
EndProject
Project("{FAE04EC0-301F-11D3-BF4B-00C04F79EFBC}") = "DialogSample", "DialogSample\DialogSample.csproj", "{A33FC6E1-E6E6-44FC-B046-10C3AAE23A73}"
EndProject
Global
	GlobalSection(SolutionConfigurationPlatforms) = preSolution
		Debug|Any CPU = Debug|Any CPU
		Release|Any CPU = Release|Any CPU
	EndGlobalSection
	GlobalSection(ProjectConfigurationPlatforms) = postSolution
		{A92734E3-D1D0-4EBD-8EA6-D4F8A4060025}.Debug|Any CPU.ActiveCfg = Debug|Any CPU
		{A92734E3-D1D0-4EBD-8EA6-D4F8A4060025}.Debug|Any CPU.Build.0 = Debug|Any CPU
		{A92734E3-D1D0-4EBD-8EA6-D4F8A4060025}.Release|Any CPU.ActiveCfg = Release|Any CPU
		{A92734E3-D1D0-4EBD-8EA6-D4F8A4060025}.Release|Any CPU.Build.0 = Release|Any CPU
		{EE5E3C1B-5BF6-45B1-A5B4-768D9C463A04}.Debug|Any CPU.ActiveCfg = Debug|Any CPU
		{EE5E3C1B-5BF6-45B1-A5B4-768D9C463A04}.Debug|Any CPU.Build.0 = Debug|Any CPU
		{EE5E3C1B-5BF6-45B1-A5B4-768D9C463A04}.Release|Any CPU.ActiveCfg = Release|Any CPU
		{EE5E3C1B-5BF6-45B1-A5B4-768D9C463A04}.Release|Any CPU.Build.0 = Release|Any CPU
		{B47C38C2-59D8-4F32-B607-81C43FD6EDB9}.Debug|Any CPU.ActiveCfg = Debug|Any CPU
		{B47C38C2-59D8-4F32-B607-81C43FD6EDB9}.Debug|Any CPU.Build.0 = Debug|Any CPU
		{B47C38C2-59D8-4F32-B607-81C43FD6EDB9}.Release|Any CPU.ActiveCfg = Release|Any CPU
		{B47C38C2-59D8-4F32-B607-81C43FD6EDB9}.Release|Any CPU.Build.0 = Release|Any CPU
		{A33FC6E1-E6E6-44FC-B046-10C3AAE23A73}.Debug|Any CPU.ActiveCfg = Debug|Any CPU
		{A33FC6E1-E6E6-44FC-B046-10C3AAE23A73}.Debug|Any CPU.Build.0 = Debug|Any CPU
		{A33FC6E1-E6E6-44FC-B046-10C3AAE23A73}.Release|Any CPU.ActiveCfg = Release|Any CPU
		{A33FC6E1-E6E6-44FC-B046-10C3AAE23A73}.Release|Any CPU.Build.0 = Release|Any CPU
	EndGlobalSection
EndGlobal
